
Microsoft Visual Studio Solution File, Format Version 12.00
# Visual Studio 15
VisualStudioVersion = 15.0.27428.2005
MinimumVisualStudioVersion = 10.0.40219.1
Project("{FAE04EC0-301F-11D3-BF4B-00C04F79EFBC}") = "Inchvi.IO", "Inchvi.IO\Inchvi.IO.csproj", "{B37A0F62-0BC2-4B3B-847B-852EFE4FC7AE}"
EndProject
Project("{FAE04EC0-301F-11D3-BF4B-00C04F79EFBC}") = "Inchvi.Tcpx", "Inchvi.Tcpx\Inchvi.Tcpx.csproj", "{C9BA238A-EB12-424B-9664-6E1BFB6102D4}"
EndProject
Global
	GlobalSection(SolutionConfigurationPlatforms) = preSolution
		Debug|Any CPU = Debug|Any CPU
		Release|Any CPU = Release|Any CPU
	EndGlobalSection
	GlobalSection(ProjectConfigurationPlatforms) = postSolution
		{B37A0F62-0BC2-4B3B-847B-852EFE4FC7AE}.Debug|Any CPU.ActiveCfg = Debug|Any CPU
		{B37A0F62-0BC2-4B3B-847B-852EFE4FC7AE}.Debug|Any CPU.Build.0 = Debug|Any CPU
		{B37A0F62-0BC2-4B3B-847B-852EFE4FC7AE}.Release|Any CPU.ActiveCfg = Release|Any CPU
		{B37A0F62-0BC2-4B3B-847B-852EFE4FC7AE}.Release|Any CPU.Build.0 = Release|Any CPU
		{C9BA238A-EB12-424B-9664-6E1BFB6102D4}.Debug|Any CPU.ActiveCfg = Debug|Any CPU
		{C9BA238A-EB12-424B-9664-6E1BFB6102D4}.Debug|Any CPU.Build.0 = Debug|Any CPU
		{C9BA238A-EB12-424B-9664-6E1BFB6102D4}.Release|Any CPU.ActiveCfg = Release|Any CPU
		{C9BA238A-EB12-424B-9664-6E1BFB6102D4}.Release|Any CPU.Build.0 = Release|Any CPU
	EndGlobalSection
	GlobalSection(SolutionProperties) = preSolution
		HideSolutionNode = FALSE
	EndGlobalSection
	GlobalSection(ExtensibilityGlobals) = postSolution
		SolutionGuid = {7A04A73B-1C39-4E4A-BBAB-E88BE57EB541}
	EndGlobalSection
EndGlobal
